{
  "originHash" : "2a6dd4690782eafea32e6e7295c65202dfd26738f2ea7ea9dea09c65b0d93057",
  "pins" : [
    {
      "identity" : "alamofire",
      "kind" : "remoteSourceControl",
      "location" : "https://github.com/Alamofire/Alamofire.git",
      "state" : {
        "revision" : "f455c2975872ccd2d9c81594c658af65716e9b9a",
        "version" : "5.9.1"
      }
    },
    {
      "identity" : "ollamakit",
      "kind" : "remoteSourceControl",
      "location" : "https://github.com/kevinhermawan/OllamaKit.git",
      "state" : {
        "revision" : "0b0ab9995e85ca7163ca4a4bb1aaa5e6ac2fd619",
        "version" : "4.1.0"
      }
    }
  ],
  "version" : 3
}
