// !$*UTF8*$!
{
	archiveVersion = 1;
	classes = {
	};
	objectVersion = 56;
	objects = {

/* Begin PBXBuildFile section */
		B909B5952BF062D6001F5F55 /* MainView.swift in Sources */ = {isa = PBXBuildFile; fileRef = B909B5932BF062D6001F5F55 /* MainView.swift */; };
		B909B59C2BF062DF001F5F55 /* Preview Assets.xcassets in Resources */ = {isa = PBXBuildFile; fileRef = B909B5962BF062DF001F5F55 /* Preview Assets.xcassets */; };
		B909B59D2BF062DF001F5F55 /* Assets.xcassets in Resources */ = {isa = PBXBuildFile; fileRef = B909B5982BF062DF001F5F55 /* Assets.xcassets */; };
		B909B59E2BF062DF001F5F55 /* Colors.xcassets in Resources */ = {isa = PBXBuildFile; fileRef = B909B5992BF062DF001F5F55 /* Colors.xcassets */; };
		B909B59F2BF062DF001F5F55 /* Icons.xcassets in Resources */ = {isa = PBXBuildFile; fileRef = B909B59A2BF062DF001F5F55 /* Icons.xcassets */; };
		B909B5AD2BF062E7001F5F55 /* HomeView.swift in Sources */ = {isa = PBXBuildFile; fileRef = B909B5A02BF062E7001F5F55 /* HomeView.swift */; };
		B909B5AE2BF062E7001F5F55 /* ProductData.swift in Sources */ = {isa = PBXBuildFile; fileRef = B909B5A22BF062E7001F5F55 /* ProductData.swift */; };
		B909B5AF2BF062E7001F5F55 /* ProductModel.swift in Sources */ = {isa = PBXBuildFile; fileRef = B909B5A32BF062E7001F5F55 /* ProductModel.swift */; };
		B909B5B02BF062E7001F5F55 /* ProductService.swift in Sources */ = {isa = PBXBuildFile; fileRef = B909B5A42BF062E7001F5F55 /* ProductService.swift */; };
		B909B5B12BF062E7001F5F55 /* ProductView.swift in Sources */ = {isa = PBXBuildFile; fileRef = B909B5A52BF062E7001F5F55 /* ProductView.swift */; };
		B909B5B22BF062E7001F5F55 /* ScanModel.swift in Sources */ = {isa = PBXBuildFile; fileRef = B909B5A72BF062E7001F5F55 /* ScanModel.swift */; };
		B909B5B32BF062E7001F5F55 /* ScanView.swift in Sources */ = {isa = PBXBuildFile; fileRef = B909B5A82BF062E7001F5F55 /* ScanView.swift */; };
		B909B5B42BF062E7001F5F55 /* SettingsView.swift in Sources */ = {isa = PBXBuildFile; fileRef = B909B5AA2BF062E7001F5F55 /* SettingsView.swift */; };
		B9C953142BE849E100B29C1F /* FernApp.swift in Sources */ = {isa = PBXBuildFile; fileRef = B9C953132BE849E100B29C1F /* FernApp.swift */; };
/* End PBXBuildFile section */

/* Begin PBXFileReference section */
		B909B5932BF062D6001F5F55 /* MainView.swift */ = {isa = PBXFileReference; fileEncoding = 4; lastKnownFileType = sourcecode.swift; path = MainView.swift; sourceTree = "<group>"; };
		B909B5962BF062DF001F5F55 /* Preview Assets.xcassets */ = {isa = PBXFileReference; lastKnownFileType = folder.assetcatalog; path = "Preview Assets.xcassets"; sourceTree = "<group>"; };
		B909B5982BF062DF001F5F55 /* Assets.xcassets */ = {isa = PBXFileReference; lastKnownFileType = folder.assetcatalog; path = Assets.xcassets; sourceTree = "<group>"; };
		B909B5992BF062DF001F5F55 /* Colors.xcassets */ = {isa = PBXFileReference; lastKnownFileType = folder.assetcatalog; path = Colors.xcassets; sourceTree = "<group>"; };
		B909B59A2BF062DF001F5F55 /* Icons.xcassets */ = {isa = PBXFileReference; lastKnownFileType = folder.assetcatalog; path = Icons.xcassets; sourceTree = "<group>"; };
		B909B5A02BF062E7001F5F55 /* HomeView.swift */ = {isa = PBXFileReference; fileEncoding = 4; lastKnownFileType = sourcecode.swift; path = HomeView.swift; sourceTree = "<group>"; };
		B909B5A22BF062E7001F5F55 /* ProductData.swift */ = {isa = PBXFileReference; fileEncoding = 4; lastKnownFileType = sourcecode.swift; path = ProductData.swift; sourceTree = "<group>"; };
		B909B5A32BF062E7001F5F55 /* ProductModel.swift */ = {isa = PBXFileReference; fileEncoding = 4; lastKnownFileType = sourcecode.swift; path = ProductModel.swift; sourceTree = "<group>"; };
		B909B5A42BF062E7001F5F55 /* ProductService.swift */ = {isa = PBXFileReference; fileEncoding = 4; lastKnownFileType = sourcecode.swift; path = ProductService.swift; sourceTree = "<group>"; };
		B909B5A52BF062E7001F5F55 /* ProductView.swift */ = {isa = PBXFileReference; fileEncoding = 4; lastKnownFileType = sourcecode.swift; path = ProductView.swift; sourceTree = "<group>"; };
		B909B5A72BF062E7001F5F55 /* ScanModel.swift */ = {isa = PBXFileReference; fileEncoding = 4; lastKnownFileType = sourcecode.swift; path = ScanModel.swift; sourceTree = "<group>"; };
		B909B5A82BF062E7001F5F55 /* ScanView.swift */ = {isa = PBXFileReference; fileEncoding = 4; lastKnownFileType = sourcecode.swift; path = ScanView.swift; sourceTree = "<group>"; };
		B909B5AA2BF062E7001F5F55 /* SettingsView.swift */ = {isa = PBXFileReference; fileEncoding = 4; lastKnownFileType = sourcecode.swift; path = SettingsView.swift; sourceTree = "<group>"; };
		B9C953102BE849E100B29C1F /* Fern.app */ = {isa = PBXFileReference; explicitFileType = wrapper.application; includeInIndex = 0; path = Fern.app; sourceTree = BUILT_PRODUCTS_DIR; };
		B9C953132BE849E100B29C1F /* FernApp.swift */ = {isa = PBXFileReference; lastKnownFileType = sourcecode.swift; path = FernApp.swift; sourceTree = "<group>"; };
/* End PBXFileReference section */

/* Begin PBXFrameworksBuildPhase section */
		B9C9530D2BE849E100B29C1F /* Frameworks */ = {
			isa = PBXFrameworksBuildPhase;
			buildActionMask = 2147483647;
			files = (
			);
			runOnlyForDeploymentPostprocessing = 0;
		};
/* End PBXFrameworksBuildPhase section */

/* Begin PBXGroup section */
		B909B5942BF062D6001F5F55 /* Main */ = {
			isa = PBXGroup;
			children = (
				B909B5932BF062D6001F5F55 /* MainView.swift */,
			);
			path = Main;
			sourceTree = "<group>";
		};
		B909B5972BF062DF001F5F55 /* Preview Content */ = {
			isa = PBXGroup;
			children = (
				B909B5962BF062DF001F5F55 /* Preview Assets.xcassets */,
			);
			path = "Preview Content";
			sourceTree = "<group>";
		};
		B909B59B2BF062DF001F5F55 /* Assets */ = {
			isa = PBXGroup;
			children = (
				B909B5972BF062DF001F5F55 /* Preview Content */,
				B909B5982BF062DF001F5F55 /* Assets.xcassets */,
				B909B5992BF062DF001F5F55 /* Colors.xcassets */,
				B909B59A2BF062DF001F5F55 /* Icons.xcassets */,
			);
			path = Assets;
			sourceTree = "<group>";
		};
		B909B5A12BF062E7001F5F55 /* Home */ = {
			isa = PBXGroup;
			children = (
				B909B5A02BF062E7001F5F55 /* HomeView.swift */,
			);
			path = Home;
			sourceTree = "<group>";
		};
		B909B5A62BF062E7001F5F55 /* Product */ = {
			isa = PBXGroup;
			children = (
				B909B5A22BF062E7001F5F55 /* ProductData.swift */,
				B909B5A32BF062E7001F5F55 /* ProductModel.swift */,
				B909B5A42BF062E7001F5F55 /* ProductService.swift */,
				B909B5A52BF062E7001F5F55 /* ProductView.swift */,
			);
			path = Product;
			sourceTree = "<group>";
		};
		B909B5A92BF062E7001F5F55 /* Scan */ = {
			isa = PBXGroup;
			children = (
				B909B5A72BF062E7001F5F55 /* ScanModel.swift */,
				B909B5A82BF062E7001F5F55 /* ScanView.swift */,
			);
			path = Scan;
			sourceTree = "<group>";
		};
		B909B5AB2BF062E7001F5F55 /* Settings */ = {
			isa = PBXGroup;
			children = (
				B909B5AA2BF062E7001F5F55 /* SettingsView.swift */,
			);
			path = Settings;
			sourceTree = "<group>";
		};
		B909B5AC2BF062E7001F5F55 /* Modules */ = {
			isa = PBXGroup;
			children = (
				B909B5A12BF062E7001F5F55 /* Home */,
				B909B5A62BF062E7001F5F55 /* Product */,
				B909B5A92BF062E7001F5F55 /* Scan */,
				B909B5AB2BF062E7001F5F55 /* Settings */,
			);
			name = Modules;
			path = Fern/Modules;
			sourceTree = SOURCE_ROOT;
		};
		B9C953072BE849E100B29C1F = {
			isa = PBXGroup;
			children = (
				B9C953122BE849E100B29C1F /* Fern */,
				B9C953112BE849E100B29C1F /* Products */,
			);
			sourceTree = "<group>";
		};
		B9C953112BE849E100B29C1F /* Products */ = {
			isa = PBXGroup;
			children = (
				B9C953102BE849E100B29C1F /* Fern.app */,
			);
			name = Products;
			sourceTree = "<group>";
		};
		B9C953122BE849E100B29C1F /* Fern */ = {
			isa = PBXGroup;
			children = (
				B9C953132BE849E100B29C1F /* FernApp.swift */,
				B909B5942BF062D6001F5F55 /* Main */,
				B909B5AC2BF062E7001F5F55 /* Modules */,
				B909B59B2BF062DF001F5F55 /* Assets */,
			);
			path = Fern;
			sourceTree = "<group>";
		};
/* End PBXGroup section */

/* Begin PBXNativeTarget section */
		B9C9530F2BE849E100B29C1F /* Fern */ = {
			isa = PBXNativeTarget;
			buildConfigurationList = B9C9531E2BE849E200B29C1F /* Build configuration list for PBXNativeTarget "Fern" */;
			buildPhases = (
				B9C9530C2BE849E100B29C1F /* Sources */,
				B9C9530D2BE849E100B29C1F /* Frameworks */,
				B9C9530E2BE849E100B29C1F /* Resources */,
			);
			buildRules = (
			);
			dependencies = (
			);
			name = Fern;
			productName = Fern;
			productReference = B9C953102BE849E100B29C1F /* Fern.app */;
			productType = "com.apple.product-type.application";
		};
/* End PBXNativeTarget section */

/* Begin PBXProject section */
		B9C953082BE849E100B29C1F /* Project object */ = {
			isa = PBXProject;
			attributes = {
				BuildIndependentTargetsInParallel = 1;
				LastSwiftUpdateCheck = 1530;
				LastUpgradeCheck = 1530;
				TargetAttributes = {
					B9C9530F2BE849E100B29C1F = {
						CreatedOnToolsVersion = 15.3;
					};
				};
			};
			buildConfigurationList = B9C9530B2BE849E100B29C1F /* Build configuration list for PBXProject "Fern" */;
			compatibilityVersion = "Xcode 14.0";
			developmentRegion = en;
			hasScannedForEncodings = 0;
			knownRegions = (
				en,
				Base,
			);
			mainGroup = B9C953072BE849E100B29C1F;
			productRefGroup = B9C953112BE849E100B29C1F /* Products */;
			projectDirPath = "";
			projectRoot = "";
			targets = (
				B9C9530F2BE849E100B29C1F /* Fern */,
			);
		};
/* End PBXProject section */

/* Begin PBXResourcesBuildPhase section */
		B9C9530E2BE849E100B29C1F /* Resources */ = {
			isa = PBXResourcesBuildPhase;
			buildActionMask = 2147483647;
			files = (
				B909B59E2BF062DF001F5F55 /* Colors.xcassets in Resources */,
				B909B59D2BF062DF001F5F55 /* Assets.xcassets in Resources */,
				B909B59F2BF062DF001F5F55 /* Icons.xcassets in Resources */,
				B909B59C2BF062DF001F5F55 /* Preview Assets.xcassets in Resources */,
			);
			runOnlyForDeploymentPostprocessing = 0;
		};
/* End PBXResourcesBuildPhase section */

/* Begin PBXSourcesBuildPhase section */
		B9C9530C2BE849E100B29C1F /* Sources */ = {
			isa = PBXSourcesBuildPhase;
			buildActionMask = 2147483647;
			files = (
				B909B5B22BF062E7001F5F55 /* ScanModel.swift in Sources */,
				B909B5AD2BF062E7001F5F55 /* HomeView.swift in Sources */,
				B9C953142BE849E100B29C1F /* FernApp.swift in Sources */,
				B909B5952BF062D6001F5F55 /* MainView.swift in Sources */,
				B909B5AE2BF062E7001F5F55 /* ProductData.swift in Sources */,
				B909B5B42BF062E7001F5F55 /* SettingsView.swift in Sources */,
				B909B5B32BF062E7001F5F55 /* ScanView.swift in Sources */,
				B909B5B12BF062E7001F5F55 /* ProductView.swift in Sources */,
				B909B5AF2BF062E7001F5F55 /* ProductModel.swift in Sources */,
				B909B5B02BF062E7001F5F55 /* ProductService.swift in Sources */,
			);
			runOnlyForDeploymentPostprocessing = 0;
		};
/* End PBXSourcesBuildPhase section */

/* Begin XCBuildConfiguration section */
		B9C9531C2BE849E200B29C1F /* Debug */ = {
			isa = XCBuildConfiguration;
			buildSettings = {
				ALWAYS_SEARCH_USER_PATHS = NO;
				ASSETCATALOG_COMPILER_GENERATE_SWIFT_ASSET_SYMBOL_EXTENSIONS = YES;
				CLANG_ANALYZER_NONNULL = YES;
				CLANG_ANALYZER_NUMBER_OBJECT_CONVERSION = YES_AGGRESSIVE;
				CLANG_CXX_LANGUAGE_STANDARD = "gnu++20";
				CLANG_ENABLE_MODULES = YES;
				CLANG_ENABLE_OBJC_ARC = YES;
				CLANG_ENABLE_OBJC_WEAK = YES;
				CLANG_WARN_BLOCK_CAPTURE_AUTORELEASING = YES;
				CLANG_WARN_BOOL_CONVERSION = YES;
				CLANG_WARN_COMMA = YES;
				CLANG_WARN_CONSTANT_CONVERSION = YES;
				CLANG_WARN_DEPRECATED_OBJC_IMPLEMENTATIONS = YES;
				CLANG_WARN_DIRECT_OBJC_ISA_USAGE = YES_ERROR;
				CLANG_WARN_DOCUMENTATION_COMMENTS = YES;
				CLANG_WARN_EMPTY_BODY = YES;
				CLANG_WARN_ENUM_CONVERSION = YES;
				CLANG_WARN_INFINITE_RECURSION = YES;
				CLANG_WARN_INT_CONVERSION = YES;
				CLANG_WARN_NON_LITERAL_NULL_CONVERSION = YES;
				CLANG_WARN_OBJC_IMPLICIT_RETAIN_SELF = YES;
				CLANG_WARN_OBJC_LITERAL_CONVERSION = YES;
				CLANG_WARN_OBJC_ROOT_CLASS = YES_ERROR;
				CLANG_WARN_QUOTED_INCLUDE_IN_FRAMEWORK_HEADER = YES;
				CLANG_WARN_RANGE_LOOP_ANALYSIS = YES;
				CLANG_WARN_STRICT_PROTOTYPES = YES;
				CLANG_WARN_SUSPICIOUS_MOVE = YES;
				CLANG_WARN_UNGUARDED_AVAILABILITY = YES_AGGRESSIVE;
				CLANG_WARN_UNREACHABLE_CODE = YES;
				CLANG_WARN__DUPLICATE_METHOD_MATCH = YES;
				COPY_PHASE_STRIP = NO;
				DEBUG_INFORMATION_FORMAT = dwarf;
				ENABLE_STRICT_OBJC_MSGSEND = YES;
				ENABLE_TESTABILITY = YES;
				ENABLE_USER_SCRIPT_SANDBOXING = YES;
				GCC_C_LANGUAGE_STANDARD = gnu17;
				GCC_DYNAMIC_NO_PIC = NO;
				GCC_NO_COMMON_BLOCKS = YES;
				GCC_OPTIMIZATION_LEVEL = 0;
				GCC_PREPROCESSOR_DEFINITIONS = (
					"DEBUG=1",
					"$(inherited)",
				);
				GCC_WARN_64_TO_32_BIT_CONVERSION = YES;
				GCC_WARN_ABOUT_RETURN_TYPE = YES_ERROR;
				GCC_WARN_UNDECLARED_SELECTOR = YES;
				GCC_WARN_UNINITIALIZED_AUTOS = YES_AGGRESSIVE;
				GCC_WARN_UNUSED_FUNCTION = YES;
				GCC_WARN_UNUSED_VARIABLE = YES;
				IPHONEOS_DEPLOYMENT_TARGET = 17.4;
				LOCALIZATION_PREFERS_STRING_CATALOGS = YES;
				MTL_ENABLE_DEBUG_INFO = INCLUDE_SOURCE;
				MTL_FAST_MATH = YES;
				ONLY_ACTIVE_ARCH = YES;
				SDKROOT = iphoneos;
				SWIFT_ACTIVE_COMPILATION_CONDITIONS = "DEBUG $(inherited)";
				SWIFT_OPTIMIZATION_LEVEL = "-Onone";
			};
			name = Debug;
		};
		B9C9531D2BE849E200B29C1F /* Release */ = {
			isa = XCBuildConfiguration;
			buildSettings = {
				ALWAYS_SEARCH_USER_PATHS = NO;
				ASSETCATALOG_COMPILER_GENERATE_SWIFT_ASSET_SYMBOL_EXTENSIONS = YES;
				CLANG_ANALYZER_NONNULL = YES;
				CLANG_ANALYZER_NUMBER_OBJECT_CONVERSION = YES_AGGRESSIVE;
				CLANG_CXX_LANGUAGE_STANDARD = "gnu++20";
				CLANG_ENABLE_MODULES = YES;
				CLANG_ENABLE_OBJC_ARC = YES;
				CLANG_ENABLE_OBJC_WEAK = YES;
				CLANG_WARN_BLOCK_CAPTURE_AUTORELEASING = YES;
				CLANG_WARN_BOOL_CONVERSION = YES;
				CLANG_WARN_COMMA = YES;
				CLANG_WARN_CONSTANT_CONVERSION = YES;
				CLANG_WARN_DEPRECATED_OBJC_IMPLEMENTATIONS = YES;
				CLANG_WARN_DIRECT_OBJC_ISA_USAGE = YES_ERROR;
				CLANG_WARN_DOCUMENTATION_COMMENTS = YES;
				CLANG_WARN_EMPTY_BODY = YES;
				CLANG_WARN_ENUM_CONVERSION = YES;
				CLANG_WARN_INFINITE_RECURSION = YES;
				CLANG_WARN_INT_CONVERSION = YES;
				CLANG_WARN_NON_LITERAL_NULL_CONVERSION = YES;
				CLANG_WARN_OBJC_IMPLICIT_RETAIN_SELF = YES;
				CLANG_WARN_OBJC_LITERAL_CONVERSION = YES;
				CLANG_WARN_OBJC_ROOT_CLASS = YES_ERROR;
				CLANG_WARN_QUOTED_INCLUDE_IN_FRAMEWORK_HEADER = YES;
				CLANG_WARN_RANGE_LOOP_ANALYSIS = YES;
				CLANG_WARN_STRICT_PROTOTYPES = YES;
				CLANG_WARN_SUSPICIOUS_MOVE = YES;
				CLANG_WARN_UNGUARDED_AVAILABILITY = YES_AGGRESSIVE;
				CLANG_WARN_UNREACHABLE_CODE = YES;
				CLANG_WARN__DUPLICATE_METHOD_MATCH = YES;
				COPY_PHASE_STRIP = NO;
				DEBUG_INFORMATION_FORMAT = "dwarf-with-dsym";
				ENABLE_NS_ASSERTIONS = NO;
				ENABLE_STRICT_OBJC_MSGSEND = YES;
				ENABLE_USER_SCRIPT_SANDBOXING = YES;
				GCC_C_LANGUAGE_STANDARD = gnu17;
				GCC_NO_COMMON_BLOCKS = YES;
				GCC_WARN_64_TO_32_BIT_CONVERSION = YES;
				GCC_WARN_ABOUT_RETURN_TYPE = YES_ERROR;
				GCC_WARN_UNDECLARED_SELECTOR = YES;
				GCC_WARN_UNINITIALIZED_AUTOS = YES_AGGRESSIVE;
				GCC_WARN_UNUSED_FUNCTION = YES;
				GCC_WARN_UNUSED_VARIABLE = YES;
				IPHONEOS_DEPLOYMENT_TARGET = 17.4;
				LOCALIZATION_PREFERS_STRING_CATALOGS = YES;
				MTL_ENABLE_DEBUG_INFO = NO;
				MTL_FAST_MATH = YES;
				SDKROOT = iphoneos;
				SWIFT_COMPILATION_MODE = wholemodule;
				VALIDATE_PRODUCT = YES;
			};
			name = Release;
		};
		B9C9531F2BE849E200B29C1F /* Debug */ = {
			isa = XCBuildConfiguration;
			buildSettings = {
				ASSETCATALOG_COMPILER_APPICON_NAME = AppIcon;
				ASSETCATALOG_COMPILER_GLOBAL_ACCENT_COLOR_NAME = AccentColor;
				CODE_SIGN_STYLE = Automatic;
				CURRENT_PROJECT_VERSION = 1;
				DEVELOPMENT_ASSET_PATHS = "\"Fern/Assets/Preview Content\"";
				DEVELOPMENT_TEAM = 6R2E9P9EPV;
				ENABLE_PREVIEWS = YES;
				GENERATE_INFOPLIST_FILE = YES;
				INFOPLIST_KEY_UIApplicationSceneManifest_Generation = YES;
				INFOPLIST_KEY_UIApplicationSupportsIndirectInputEvents = YES;
				INFOPLIST_KEY_UILaunchScreen_Generation = YES;
				INFOPLIST_KEY_UISupportedInterfaceOrientations_iPad = "UIInterfaceOrientationPortrait UIInterfaceOrientationPortraitUpsideDown UIInterfaceOrientationLandscapeLeft UIInterfaceOrientationLandscapeRight";
				INFOPLIST_KEY_UISupportedInterfaceOrientations_iPhone = "UIInterfaceOrientationPortrait UIInterfaceOrientationLandscapeLeft UIInterfaceOrientationLandscapeRight";
				LD_RUNPATH_SEARCH_PATHS = (
					"$(inherited)",
					"@executable_path/Frameworks",
				);
				MARKETING_VERSION = 1.0;
				PRODUCT_BUNDLE_IDENTIFIER = Waked.Fern;
				PRODUCT_NAME = "$(TARGET_NAME)";
				SWIFT_EMIT_LOC_STRINGS = YES;
				SWIFT_VERSION = 5.0;
				TARGETED_DEVICE_FAMILY = "1,2";
			};
			name = Debug;
		};
		B9C953202BE849E200B29C1F /* Release */ = {
			isa = XCBuildConfiguration;
			buildSettings = {
				ASSETCATALOG_COMPILER_APPICON_NAME = AppIcon;
				ASSETCATALOG_COMPILER_GLOBAL_ACCENT_COLOR_NAME = AccentColor;
				CODE_SIGN_STYLE = Automatic;
				CURRENT_PROJECT_VERSION = 1;
				DEVELOPMENT_ASSET_PATHS = "\"Fern/Assets/Preview Content\"";
				DEVELOPMENT_TEAM = 6R2E9P9EPV;
				ENABLE_PREVIEWS = YES;
				GENERATE_INFOPLIST_FILE = YES;
				INFOPLIST_KEY_UIApplicationSceneManifest_Generation = YES;
				INFOPLIST_KEY_UIApplicationSupportsIndirectInputEvents = YES;
				INFOPLIST_KEY_UILaunchScreen_Generation = YES;
				INFOPLIST_KEY_UISupportedInterfaceOrientations_iPad = "UIInterfaceOrientationPortrait UIInterfaceOrientationPortraitUpsideDown UIInterfaceOrientationLandscapeLeft UIInterfaceOrientationLandscapeRight";
				INFOPLIST_KEY_UISupportedInterfaceOrientations_iPhone = "UIInterfaceOrientationPortrait UIInterfaceOrientationLandscapeLeft UIInterfaceOrientationLandscapeRight";
				LD_RUNPATH_SEARCH_PATHS = (
					"$(inherited)",
					"@executable_path/Frameworks",
				);
				MARKETING_VERSION = 1.0;
				PRODUCT_BUNDLE_IDENTIFIER = Waked.Fern;
				PRODUCT_NAME = "$(TARGET_NAME)";
				SWIFT_EMIT_LOC_STRINGS = YES;
				SWIFT_VERSION = 5.0;
				TARGETED_DEVICE_FAMILY = "1,2";
			};
			name = Release;
		};
/* End XCBuildConfiguration section */

/* Begin XCConfigurationList section */
		B9C9530B2BE849E100B29C1F /* Build configuration list for PBXProject "Fern" */ = {
			isa = XCConfigurationList;
			buildConfigurations = (
				B9C9531C2BE849E200B29C1F /* Debug */,
				B9C9531D2BE849E200B29C1F /* Release */,
			);
			defaultConfigurationIsVisible = 0;
			defaultConfigurationName = Release;
		};
		B9C9531E2BE849E200B29C1F /* Build configuration list for PBXNativeTarget "Fern" */ = {
			isa = XCConfigurationList;
			buildConfigurations = (
				B9C9531F2BE849E200B29C1F /* Debug */,
				B9C953202BE849E200B29C1F /* Release */,
			);
			defaultConfigurationIsVisible = 0;
			defaultConfigurationName = Release;
		};
/* End XCConfigurationList section */
	};
	rootObject = B9C953082BE849E100B29C1F /* Project object */;
}
